lockfileVersion: '6.0'

settings:
  autoInstallPeers: true
  excludeLinksFromLockfile: false

dependencies:
  '@prisma/client':
    specifier: ^5.21.1
    version: 5.21.1(prisma@5.21.1)
  '@types/redis':
    specifier: ^4.0.11
    version: 4.0.11
  redis:
    specifier: ^4.7.0
    version: 4.7.0
  typescript:
    specifier: ^5.0.0
    version: 5.0.2

devDependencies:
  '@types/bun':
    specifier: latest
    version: 1.1.14
  prisma:
    specifier: ^5.21.1
    version: 5.21.1

packages:

  /@prisma/client@5.21.1(prisma@5.21.1):
    resolution: {integrity: sha512-3n+GgbAZYjaS/k0M03yQsQfR1APbr411r74foknnsGpmhNKBG49VuUkxIU6jORgvJPChoD4WC4PqoHImN1FP0w==}
    engines: {node: '>=16.13'}
    requiresBuild: true
    peerDependencies:
      prisma: '*'
    peerDependenciesMeta:
      prisma:
        optional: true
    dependencies:
      prisma: 5.21.1
    dev: false

  /@prisma/debug@5.21.1:
    resolution: {integrity: sha512-uY8SAhcnORhvgtOrNdvWS98Aq/nkQ9QDUxrWAgW8XrCZaI3j2X7zb7Xe6GQSh6xSesKffFbFlkw0c2luHQviZA==}

  /@prisma/engines-version@5.21.1-1.bf0e5e8a04cada8225617067eaa03d041e2bba36:
    resolution: {integrity: sha512-qvnEflL0//lh44S/T9NcvTMxfyowNeUxTunPcDfKPjyJNrCNf2F1zQLcUv5UHAruECpX+zz21CzsC7V2xAeM7Q==}

  /@prisma/engines@5.21.1:
    resolution: {integrity: sha512-hGVTldUkIkTwoV8//hmnAAiAchi4oMEKD3aW5H2RrnI50tTdwza7VQbTTAyN3OIHWlK5DVg6xV7X8N/9dtOydA==}
    requiresBuild: true
    dependencies:
      '@prisma/debug': 5.21.1
      '@prisma/engines-version': 5.21.1-1.bf0e5e8a04cada8225617067eaa03d041e2bba36
      '@prisma/fetch-engine': 5.21.1
      '@prisma/get-platform': 5.21.1

  /@prisma/fetch-engine@5.21.1:
    resolution: {integrity: sha512-70S31vgpCGcp9J+mh/wHtLCkVezLUqe/fGWk3J3JWZIN7prdYSlr1C0niaWUyNK2VflLXYi8kMjAmSxUVq6WGQ==}
    dependencies:
      '@prisma/debug': 5.21.1
      '@prisma/engines-version': 5.21.1-1.bf0e5e8a04cada8225617067eaa03d041e2bba36
      '@prisma/get-platform': 5.21.1

  /@prisma/get-platform@5.21.1:
    resolution: {integrity: sha512-sRxjL3Igst3ct+e8ya/x//cDXmpLbZQ5vfps2N4tWl4VGKQAmym77C/IG/psSMsQKszc8uFC/q1dgmKFLUgXZQ==}
    dependencies:
      '@prisma/debug': 5.21.1

  /@redis/bloom@1.2.0(@redis/client@1.6.0):
    resolution: {integrity: sha512-HG2DFjYKbpNmVXsa0keLHp/3leGJz1mjh09f2RLGGLQZzSHpkmZWuwJbAvo3QcRY8p80m5+ZdXZdYOSBLlp7Cg==}
    peerDependencies:
      '@redis/client': ^1.0.0
    dependencies:
      '@redis/client': 1.6.0
    dev: false

  /@redis/client@1.6.0:
    resolution: {integrity: sha512-aR0uffYI700OEEH4gYnitAnv3vzVGXCFvYfdpu/CJKvk4pHfLPEy/JSZyrpQ+15WhXe1yJRXLtfQ84s4mEXnPg==}
    engines: {node: '>=14'}
    dependencies:
      cluster-key-slot: 1.1.2
      generic-pool: 3.9.0
      yallist: 4.0.0
    dev: false

  /@redis/graph@1.1.1(@redis/client@1.6.0):
    resolution: {integrity: sha512-FEMTcTHZozZciLRl6GiiIB4zGm5z5F3F6a6FZCyrfxdKOhFlGkiAqlexWMBzCi4DcRoyiOsuLfW+cjlGWyExOw==}
    peerDependencies:
      '@redis/client': ^1.0.0
    dependencies:
      '@redis/client': 1.6.0
    dev: false

  /@redis/json@1.0.7(@redis/client@1.6.0):
    resolution: {integrity: sha512-6UyXfjVaTBTJtKNG4/9Z8PSpKE6XgSyEb8iwaqDcy+uKrd/DGYHTWkUdnQDyzm727V7p21WUMhsqz5oy65kPcQ==}
    peerDependencies:
      '@redis/client': ^1.0.0
    dependencies:
      '@redis/client': 1.6.0
    dev: false

  /@redis/search@1.2.0(@redis/client@1.6.0):
    resolution: {integrity: sha512-tYoDBbtqOVigEDMAcTGsRlMycIIjwMCgD8eR2t0NANeQmgK/lvxNAvYyb6bZDD4frHRhIHkJu2TBRvB0ERkOmw==}
    peerDependencies:
      '@redis/client': ^1.0.0
    dependencies:
      '@redis/client': 1.6.0
    dev: false

  /@redis/time-series@1.1.0(@redis/client@1.6.0):
    resolution: {integrity: sha512-c1Q99M5ljsIuc4YdaCwfUEXsofakb9c8+Zse2qxTadu8TalLXuAESzLvFAvNVbkmSlvlzIQOLpBCmWI9wTOt+g==}
    peerDependencies:
      '@redis/client': ^1.0.0
    dependencies:
      '@redis/client': 1.6.0
    dev: false

  /@types/bun@1.1.14:
    resolution: {integrity: sha512-opVYiFGtO2af0dnWBdZWlioLBoxSdDO5qokaazLhq8XQtGZbY4pY3/JxY8Zdf/hEwGubbp7ErZXoN1+h2yesxA==}
    dependencies:
      bun-types: 1.1.37
    dev: true

  /@types/node@20.12.14:
    resolution: {integrity: sha512-scnD59RpYD91xngrQQLGkE+6UrHUPzeKZWhhjBSa3HSkwjbQc38+q3RoIVEwxQGRw3M+j5hpNAM+lgV3cVormg==}
    dependencies:
      undici-types: 5.26.5
    dev: true

  /@types/redis@4.0.11:
    resolution: {integrity: sha512-bI+gth8La8Wg/QCR1+V1fhrL9+LZUSWfcqpOj2Kc80ZQ4ffbdL173vQd5wovmoV9i071FU9oP2g6etLuEwb6Rg==}
    deprecated: This is a stub types definition. redis provides its own type definitions, so you do not need this installed.
    dependencies:
      redis: 4.7.0
    dev: false

  /@types/ws@8.5.13:
    resolution: {integrity: sha512-osM/gWBTPKgHV8XkTunnegTRIsvF6owmf5w+JtAfOw472dptdm0dlGv4xCt6GwQRcC2XVOvvRE/0bAoQcL2QkA==}
    dependencies:
      '@types/node': 20.12.14
    dev: true

  /bun-types@1.1.37:
    resolution: {integrity: sha512-C65lv6eBr3LPJWFZ2gswyrGZ82ljnH8flVE03xeXxKhi2ZGtFiO4isRKTKnitbSqtRAcaqYSR6djt1whI66AbA==}
    dependencies:
      '@types/node': 20.12.14
      '@types/ws': 8.5.13
    dev: true

  /cluster-key-slot@1.1.2:
    resolution: {integrity: sha512-RMr0FhtfXemyinomL4hrWcYJxmX6deFdCxpJzhDttxgO1+bcCnkk+9drydLVDmAMG7NE6aN/fl4F7ucU/90gAA==}
    engines: {node: '>=0.10.0'}
    dev: false

  /fsevents@2.3.3:
    resolution: {integrity: sha512-5xoDfX+fL7faATnagmWPpbFtwh/R77WmMMqqHGS65C3vvB0YHrgF+B1YmZ3441tMj5n63k0212XNoJwzlhffQw==}
    engines: {node: ^8.16.0 || ^10.6.0 || >=11.0.0}
    os: [darwin]
    requiresBuild: true
    optional: true

  /generic-pool@3.9.0:
    resolution: {integrity: sha512-hymDOu5B53XvN4QT9dBmZxPX4CWhBPPLguTZ9MMFeFa/Kg0xWVfylOVNlJji/E7yTZWFd/q9GO5TxDLq156D7g==}
    engines: {node: '>= 4'}
    dev: false

  /prisma@5.21.1:
    resolution: {integrity: sha512-PB+Iqzld/uQBPaaw2UVIk84kb0ITsLajzsxzsadxxl54eaU5Gyl2/L02ysivHxK89t7YrfQJm+Ggk37uvM70oQ==}
    engines: {node: '>=16.13'}
    hasBin: true
    requiresBuild: true
    dependencies:
      '@prisma/engines': 5.21.1
    optionalDependencies:
      fsevents: 2.3.3

  /redis@4.7.0:
    resolution: {integrity: sha512-zvmkHEAdGMn+hMRXuMBtu4Vo5P6rHQjLoHftu+lBqq8ZTA3RCVC/WzD790bkKKiNFp7d5/9PcSD19fJyyRvOdQ==}
    dependencies:
      '@redis/bloom': 1.2.0(@redis/client@1.6.0)
      '@redis/client': 1.6.0
      '@redis/graph': 1.1.1(@redis/client@1.6.0)
      '@redis/json': 1.0.7(@redis/client@1.6.0)
      '@redis/search': 1.2.0(@redis/client@1.6.0)
      '@redis/time-series': 1.1.0(@redis/client@1.6.0)
    dev: false

  /typescript@5.0.2:
    resolution: {integrity: sha512-wVORMBGO/FAs/++blGNeAVdbNKtIh1rbBL2EyQ1+J9lClJ93KiiKe8PmFIVdXhHcyv44SL9oglmfeSsndo0jRw==}
    engines: {node: '>=12.20'}
    hasBin: true
    dev: false

  /undici-types@5.26.5:
    resolution: {integrity: sha512-JlCMO+ehdEIKqlFxk6IfVoAUVmgz7cU7zD/h9XZ0qzeosSHmUJVOzSQvvYSYWXkFXC+IfLKSIffhv0sVZup6pA==}
    dev: true

  /yallist@4.0.0:
    resolution: {integrity: sha512-3wdGidZyq5PB084XLES5TpOSRA3wjXAlIWMhum2kRcv/41Sn2emQ0dycQW4uZXLejwKvg6EsvbdlVL+FYEct7A==}
    dev: false
